
Microsoft Visual Studio Solution File, Format Version 12.00
# Visual Studio Version 17
VisualStudioVersion = 17.9.34728.123
MinimumVisualStudioVersion = 10.0.40219.1
Project("{FAE04EC0-301F-11D3-BF4B-00C04F79EFBC}") = "DBTools_ConsoleApp", "DBTools_ConsoleApp.csproj", "{92F331DB-BC85-485E-87FD-A16352C5B9C0}"
EndProject
Global
	GlobalSection(SolutionConfigurationPlatforms) = preSolution
		Debug|Any CPU = Debug|Any CPU
		Release|Any CPU = Release|Any CPU
	EndGlobalSection
	GlobalSection(ProjectConfigurationPlatforms) = postSolution
		{92F331DB-BC85-485E-87FD-A16352C5B9C0}.Debug|Any CPU.ActiveCfg = Debug|Any CPU
		{92F331DB-BC85-485E-87FD-A16352C5B9C0}.Debug|Any CPU.Build.0 = Debug|Any CPU
		{92F331DB-BC85-485E-87FD-A16352C5B9C0}.Release|Any CPU.ActiveCfg = Release|Any CPU
		{92F331DB-BC85-485E-87FD-A16352C5B9C0}.Release|Any CPU.Build.0 = Release|Any CPU
	EndGlobalSection
	GlobalSection(SolutionProperties) = preSolution
		HideSolutionNode = FALSE
	EndGlobalSection
	GlobalSection(ExtensibilityGlobals) = postSolution
		SolutionGuid = {3D830A9C-5390-4932-A637-3BBB7E5236A3}
	EndGlobalSection
EndGlobal
